
Microsoft Visual Studio Solution File, Format Version 12.00
# Visual Studio Version 16
VisualStudioVersion = 16.0.31205.134
MinimumVisualStudioVersion = 10.0.40219.1
Project("{9A19103F-16F7-4668-BE54-9A1E7A4F7556}") = "sademo", "sademo.csproj", "{94ED2EC9-3419-4CDD-AEAC-EDC07D117B17}"
EndProject
Project("{9A19103F-16F7-4668-BE54-9A1E7A4F7556}") = "cosmosdemo", "..\cosmosdemo\cosmosdemo.csproj", "{F3D2056A-BF65-44B4-BA7B-3098F0A1C929}"
EndProject
Project("{9A19103F-16F7-4668-BE54-9A1E7A4F7556}") = "cosmos", "..\cosmos\cosmos.csproj", "{62B77890-7B36-4730-830F-B269E1BD82F7}"
EndProject
Global
	GlobalSection(SolutionConfigurationPlatforms) = preSolution
		Debug|Any CPU = Debug|Any CPU
		Release|Any CPU = Release|Any CPU
	EndGlobalSection
	GlobalSection(ProjectConfigurationPlatforms) = postSolution
		{94ED2EC9-3419-4CDD-AEAC-EDC07D117B17}.Debug|Any CPU.ActiveCfg = Debug|Any CPU
		{94ED2EC9-3419-4CDD-AEAC-EDC07D117B17}.Debug|Any CPU.Build.0 = Debug|Any CPU
		{94ED2EC9-3419-4CDD-AEAC-EDC07D117B17}.Release|Any CPU.ActiveCfg = Release|Any CPU
		{94ED2EC9-3419-4CDD-AEAC-EDC07D117B17}.Release|Any CPU.Build.0 = Release|Any CPU
		{F3D2056A-BF65-44B4-BA7B-3098F0A1C929}.Debug|Any CPU.ActiveCfg = Debug|Any CPU
		{F3D2056A-BF65-44B4-BA7B-3098F0A1C929}.Debug|Any CPU.Build.0 = Debug|Any CPU
		{F3D2056A-BF65-44B4-BA7B-3098F0A1C929}.Release|Any CPU.ActiveCfg = Release|Any CPU
		{F3D2056A-BF65-44B4-BA7B-3098F0A1C929}.Release|Any CPU.Build.0 = Release|Any CPU
		{62B77890-7B36-4730-830F-B269E1BD82F7}.Debug|Any CPU.ActiveCfg = Debug|Any CPU
		{62B77890-7B36-4730-830F-B269E1BD82F7}.Debug|Any CPU.Build.0 = Debug|Any CPU
		{62B77890-7B36-4730-830F-B269E1BD82F7}.Release|Any CPU.ActiveCfg = Release|Any CPU
		{62B77890-7B36-4730-830F-B269E1BD82F7}.Release|Any CPU.Build.0 = Release|Any CPU
	EndGlobalSection
	GlobalSection(SolutionProperties) = preSolution
		HideSolutionNode = FALSE
	EndGlobalSection
	GlobalSection(ExtensibilityGlobals) = postSolution
		SolutionGuid = {2772D99F-0424-4A93-BEA8-559D33C9E871}
	EndGlobalSection
EndGlobal
